
Microsoft Visual Studio Solution File, Format Version 12.00
# Visual Studio 14
VisualStudioVersion = 14.0.24720.0
MinimumVisualStudioVersion = 10.0.40219.1
Project("{FAE04EC0-301F-11D3-BF4B-00C04F79EFBC}") = "View", "View\View.csproj", "{F1AC6C81-58E8-404F-94D7-BB3EC141A6E1}"
EndProject
Project("{FAE04EC0-301F-11D3-BF4B-00C04F79EFBC}") = "Domain", "Domain\Domain.csproj", "{B26591BF-92A6-4AF9-BF15-43385C2C6B45}"
EndProject
Project("{FAE04EC0-301F-11D3-BF4B-00C04F79EFBC}") = "Infra", "Infra\Infra.csproj", "{B02DEAEB-0487-4C6F-8751-DB9DB09D9C30}"
EndProject
Global
	GlobalSection(SolutionConfigurationPlatforms) = preSolution
		Debug|Any CPU = Debug|Any CPU
		Release|Any CPU = Release|Any CPU
	EndGlobalSection
	GlobalSection(ProjectConfigurationPlatforms) = postSolution
		{F1AC6C81-58E8-404F-94D7-BB3EC141A6E1}.Debug|Any CPU.ActiveCfg = Debug|Any CPU
		{F1AC6C81-58E8-404F-94D7-BB3EC141A6E1}.Debug|Any CPU.Build.0 = Debug|Any CPU
		{F1AC6C81-58E8-404F-94D7-BB3EC141A6E1}.Release|Any CPU.ActiveCfg = Release|Any CPU
		{F1AC6C81-58E8-404F-94D7-BB3EC141A6E1}.Release|Any CPU.Build.0 = Release|Any CPU
		{B26591BF-92A6-4AF9-BF15-43385C2C6B45}.Debug|Any CPU.ActiveCfg = Debug|Any CPU
		{B26591BF-92A6-4AF9-BF15-43385C2C6B45}.Debug|Any CPU.Build.0 = Debug|Any CPU
		{B26591BF-92A6-4AF9-BF15-43385C2C6B45}.Release|Any CPU.ActiveCfg = Release|Any CPU
		{B26591BF-92A6-4AF9-BF15-43385C2C6B45}.Release|Any CPU.Build.0 = Release|Any CPU
		{B02DEAEB-0487-4C6F-8751-DB9DB09D9C30}.Debug|Any CPU.ActiveCfg = Debug|Any CPU
		{B02DEAEB-0487-4C6F-8751-DB9DB09D9C30}.Debug|Any CPU.Build.0 = Debug|Any CPU
		{B02DEAEB-0487-4C6F-8751-DB9DB09D9C30}.Release|Any CPU.ActiveCfg = Release|Any CPU
		{B02DEAEB-0487-4C6F-8751-DB9DB09D9C30}.Release|Any CPU.Build.0 = Release|Any CPU
	EndGlobalSection
	GlobalSection(SolutionProperties) = preSolution
		HideSolutionNode = FALSE
	EndGlobalSection
EndGlobal
